{
  "projects": [
    {
      "projectId": "seaQhLVS4bbjiGvJJrRwyL",
      "version": "15.0.3",
      "dependencies": {},
      "lang": "ts",
      "fileLocks": [
        {
          "assetId": "seaQhLVS4bbjiGvJJrRwyL",
          "type": "projectCss",
          "checksum": "9345b883752a1b7fa88c203f6bc63740"
        }
      ],
      "codegenVersion": "0.0.1"
    },
    {
      "projectId": "qdC38SH7rFBhXqdNxrMg6s",
      "version": "latest",
      "dependencies": {
        "seaQhLVS4bbjiGvJJrRwyL": "15.0.3"
      },
      "lang": "ts",
      "fileLocks": [
        {
          "type": "globalVariant",
          "assetId": "ooOxwLr9DWJ0",
          "checksum": "881939d12d52b96281eb17e15793c3c4"
        },
        {
          "assetId": "qdC38SH7rFBhXqdNxrMg6s",
          "type": "projectCss",
          "checksum": "557845eeb95b43f844094cb7da63fb10"
        },
        {
          "type": "renderModule",
          "assetId": "VPMbiZvVmKz",
          "checksum": "33b2353c1636b7eac3af6ac0eb20a436"
        },
        {
          "type": "cssRules",
          "assetId": "VPMbiZvVmKz",
          "checksum": "33b2353c1636b7eac3af6ac0eb20a436"
        },
        {
          "type": "renderModule",
          "assetId": "_Kq8bQMEVKz",
          "checksum": "4fa2282d4169537c93633ebc74534db3"
        },
        {
          "type": "cssRules",
          "assetId": "_Kq8bQMEVKz",
          "checksum": "4fa2282d4169537c93633ebc74534db3"
        },
        {
          "type": "renderModule",
          "assetId": "xwLZ21nXT6w",
          "checksum": "6dfad0036a5df3b2ef506b705b3439a8"
        },
        {
          "type": "cssRules",
          "assetId": "xwLZ21nXT6w",
          "checksum": "6dfad0036a5df3b2ef506b705b3439a8"
        },
        {
          "type": "renderModule",
          "assetId": "W36se4VEj1V",
          "checksum": "693c48faf97f30843eeb47bac4501a46"
        },
        {
          "type": "cssRules",
          "assetId": "W36se4VEj1V",
          "checksum": "693c48faf97f30843eeb47bac4501a46"
        },
        {
          "type": "renderModule",
          "assetId": "XvRvpzfphTo",
          "checksum": "6224fe4f8d370ca0a1363ac246e2dc52"
        },
        {
          "type": "cssRules",
          "assetId": "XvRvpzfphTo",
          "checksum": "6224fe4f8d370ca0a1363ac246e2dc52"
        },
        {
          "type": "renderModule",
          "assetId": "PBO8Xbfg9YM",
          "checksum": "7f0852c6019c5639b55d546100b94842"
        },
        {
          "type": "cssRules",
          "assetId": "PBO8Xbfg9YM",
          "checksum": "7f0852c6019c5639b55d546100b94842"
        },
        {
          "type": "renderModule",
          "assetId": "shghiv6B7ej2",
          "checksum": "4032263ba3b62e6b2117adfeec0d5999"
        },
        {
          "type": "cssRules",
          "assetId": "shghiv6B7ej2",
          "checksum": "4032263ba3b62e6b2117adfeec0d5999"
        },
        {
          "type": "renderModule",
          "assetId": "hHOt5EMbI3q5",
          "checksum": "cb1f12a488538500cb9bfe1f71decb20"
        },
        {
          "type": "cssRules",
          "assetId": "hHOt5EMbI3q5",
          "checksum": "cb1f12a488538500cb9bfe1f71decb20"
        },
        {
          "type": "renderModule",
          "assetId": "yivSk7yB2yQH",
          "checksum": "ae40ecd6be8379846800ca4971cc18cd"
        },
        {
          "type": "cssRules",
          "assetId": "yivSk7yB2yQH",
          "checksum": "ae40ecd6be8379846800ca4971cc18cd"
        },
        {
          "type": "renderModule",
          "assetId": "ZNKZQF0IMnFe",
          "checksum": "9683691aedcb37b28a454fbc64934645"
        },
        {
          "type": "cssRules",
          "assetId": "ZNKZQF0IMnFe",
          "checksum": "9683691aedcb37b28a454fbc64934645"
        },
        {
          "type": "renderModule",
          "assetId": "kWRmlcP5Li9r",
          "checksum": "c055217420b2c62d2aa77331b80079aa"
        },
        {
          "type": "cssRules",
          "assetId": "kWRmlcP5Li9r",
          "checksum": "c055217420b2c62d2aa77331b80079aa"
        },
        {
          "type": "renderModule",
          "assetId": "wNZ0AqmP9Xmz",
          "checksum": "bc6943401742e924b466adc3a795f82a"
        },
        {
          "type": "cssRules",
          "assetId": "wNZ0AqmP9Xmz",
          "checksum": "bc6943401742e924b466adc3a795f82a"
        },
        {
          "type": "renderModule",
          "assetId": "chFj6KlPqALQ",
          "checksum": "6c1c575873e8ca7fb9d3fa0fdffe49f8"
        },
        {
          "type": "cssRules",
          "assetId": "chFj6KlPqALQ",
          "checksum": "6c1c575873e8ca7fb9d3fa0fdffe49f8"
        },
        {
          "type": "renderModule",
          "assetId": "VOpW-S9HiYia",
          "checksum": "fac08f8c691f26ada95d309a915009ce"
        },
        {
          "type": "cssRules",
          "assetId": "VOpW-S9HiYia",
          "checksum": "fac08f8c691f26ada95d309a915009ce"
        },
        {
          "type": "renderModule",
          "assetId": "u6nSHazBZ_Pg",
          "checksum": "829ae8417e024ff98bbc8eda231cc9a8"
        },
        {
          "type": "cssRules",
          "assetId": "u6nSHazBZ_Pg",
          "checksum": "829ae8417e024ff98bbc8eda231cc9a8"
        },
        {
          "type": "renderModule",
          "assetId": "gbWfkKLp2SyH",
          "checksum": "7eefbba077dc6ec1da2c15f186bb4042"
        },
        {
          "type": "cssRules",
          "assetId": "gbWfkKLp2SyH",
          "checksum": "7eefbba077dc6ec1da2c15f186bb4042"
        },
        {
          "type": "renderModule",
          "assetId": "F3Uq7-gd30Nf",
          "checksum": "0856b16958caa8093e3f3dff6fbd0517"
        },
        {
          "type": "cssRules",
          "assetId": "F3Uq7-gd30Nf",
          "checksum": "0856b16958caa8093e3f3dff6fbd0517"
        },
        {
          "type": "icon",
          "assetId": "BMb4TJ5Ve46G",
          "checksum": "ddf53984666c019d8c5e47c11d7e97a5"
        },
        {
          "type": "icon",
          "assetId": "Bqo85UNJaftS",
          "checksum": "13d15de71b38ad7ac1571297674ef44f"
        },
        {
          "type": "icon",
          "assetId": "nfClJLAZ6QL-",
          "checksum": "8af1a413a534532604dbdf4a0f7d6217"
        },
        {
          "type": "icon",
          "assetId": "DdKAKu-VqPw_",
          "checksum": "ccdbcaa0d18845ec659a07db27913f83"
        },
        {
          "type": "icon",
          "assetId": "rsZ1hCY2EFSt",
          "checksum": "649307ea89573b823dcfe9e1c197d067"
        },
        {
          "type": "icon",
          "assetId": "cCT45ADwygLC",
          "checksum": "ff8a55514f49cfef83db1277b5f71fa6"
        },
        {
          "type": "icon",
          "assetId": "rwrIN-GhFubu",
          "checksum": "2020c7e1336e0aa2bd33bb867b153f7e"
        },
        {
          "type": "icon",
          "assetId": "IN3AjIZA8SqX",
          "checksum": "e4dbdba827a36acbf265e228302628af"
        },
        {
          "type": "icon",
          "assetId": "eOanJybJOm-E",
          "checksum": "498f5563dc81014571a1d7662b16c7e3"
        },
        {
          "type": "icon",
          "assetId": "Zeexsc0DNGyh",
          "checksum": "2a523fc9c27be81603aef3dcade1dd0d"
        },
        {
          "type": "icon",
          "assetId": "kNcMVA8lSwCH",
          "checksum": "595de5fbab92945ba206fe94d11678fe"
        },
        {
          "type": "icon",
          "assetId": "boRZYuSzxOYq",
          "checksum": "73d09189398dfc16682247d27034f2cd"
        },
        {
          "type": "icon",
          "assetId": "Y-BCsUF2QiRj",
          "checksum": "a32306b49352846985e12e2e939d0dba"
        },
        {
          "type": "icon",
          "assetId": "nMe4kN3kOndk",
          "checksum": "3ab8c46cda1c4ba3b17e59912f590e62"
        },
        {
          "type": "icon",
          "assetId": "ERZ6wQ5BAa3U",
          "checksum": "43bf042541561bec69c3ae2f0d1597e3"
        },
        {
          "type": "icon",
          "assetId": "fDRPxDTnpO7Z",
          "checksum": "cf124fc8e67bf7753f662e05a2e1b50e"
        },
        {
          "type": "icon",
          "assetId": "xDTcWfjiCEhH",
          "checksum": "79d0684fbbd5784cd19b5a07d448e085"
        },
        {
          "type": "icon",
          "assetId": "xpYOfjqFrEsE",
          "checksum": "98b641884056839b2c33685bc4e3aa35"
        },
        {
          "type": "icon",
          "assetId": "NMp1-ExW-c7y",
          "checksum": "d53e7c6ad7bc58e94b2cb34b6734db66"
        },
        {
          "type": "icon",
          "assetId": "3MqUTQNKZ6Uj",
          "checksum": "599d4ab30794b8c8f6a35a810bd0d229"
        },
        {
          "type": "icon",
          "assetId": "haktYpYbhi-v",
          "checksum": "6727f27f5e80c5108a548c1d3b5cae5e"
        },
        {
          "type": "icon",
          "assetId": "YTgqKmRdtBpi",
          "checksum": "94f5faa820f5e74c0f29f9e9ee0c1f14"
        },
        {
          "type": "image",
          "assetId": "k0w1ZoZLefl8",
          "checksum": "203f6ffdbf343ed9fbd53c736c4040d6"
        },
        {
          "type": "image",
          "assetId": "mEUkGE1EQJPB",
          "checksum": "5b5072801e8ceac51de70ab7bde43b5e"
        },
        {
          "type": "image",
          "assetId": "5o4ALPbdTKc6",
          "checksum": "f246fc033951872b6996c58dce2d9481"
        },
        {
          "type": "image",
          "assetId": "r4FfriNNZC0h",
          "checksum": "56772539584e5298838387bba9c6189a"
        }
      ],
      "codegenVersion": "0.0.1"
    }
  ],
  "cliVersion": "0.1.170"
}
